
Microsoft Visual Studio Solution File, Format Version 12.00
# Visual Studio 15
VisualStudioVersion = 15.0.26124.0
MinimumVisualStudioVersion = 15.0.26124.0
Project("{FAE04EC0-301F-11D3-BF4B-00C04F79EFBC}") = "Passenger.Core", "Passenger.Core\Passenger.Core.csproj", "{0CCB1477-D9DD-46E9-B34C-768B92629B43}"
EndProject
Project("{FAE04EC0-301F-11D3-BF4B-00C04F79EFBC}") = "Passenger.Infrastructure", "Passenger.Infrastructure\Passenger.Infrastructure.csproj", "{8789900A-F207-482E-BFC1-909BCB4F04A7}"
EndProject
Project("{FAE04EC0-301F-11D3-BF4B-00C04F79EFBC}") = "Passenger.Api", "Passenger.Api\Passenger.Api.csproj", "{F7003AB0-3C79-4A57-877A-97CE0252CAE0}"
EndProject
Global
	GlobalSection(SolutionConfigurationPlatforms) = preSolution
		Debug|Any CPU = Debug|Any CPU
		Debug|x64 = Debug|x64
		Debug|x86 = Debug|x86
		Release|Any CPU = Release|Any CPU
		Release|x64 = Release|x64
		Release|x86 = Release|x86
	EndGlobalSection
	GlobalSection(SolutionProperties) = preSolution
		HideSolutionNode = FALSE
	EndGlobalSection
	GlobalSection(ProjectConfigurationPlatforms) = postSolution
		{0CCB1477-D9DD-46E9-B34C-768B92629B43}.Debug|Any CPU.ActiveCfg = Debug|Any CPU
		{0CCB1477-D9DD-46E9-B34C-768B92629B43}.Debug|Any CPU.Build.0 = Debug|Any CPU
		{0CCB1477-D9DD-46E9-B34C-768B92629B43}.Debug|x64.ActiveCfg = Debug|Any CPU
		{0CCB1477-D9DD-46E9-B34C-768B92629B43}.Debug|x64.Build.0 = Debug|Any CPU
		{0CCB1477-D9DD-46E9-B34C-768B92629B43}.Debug|x86.ActiveCfg = Debug|Any CPU
		{0CCB1477-D9DD-46E9-B34C-768B92629B43}.Debug|x86.Build.0 = Debug|Any CPU
		{0CCB1477-D9DD-46E9-B34C-768B92629B43}.Release|Any CPU.ActiveCfg = Release|Any CPU
		{0CCB1477-D9DD-46E9-B34C-768B92629B43}.Release|Any CPU.Build.0 = Release|Any CPU
		{0CCB1477-D9DD-46E9-B34C-768B92629B43}.Release|x64.ActiveCfg = Release|Any CPU
		{0CCB1477-D9DD-46E9-B34C-768B92629B43}.Release|x64.Build.0 = Release|Any CPU
		{0CCB1477-D9DD-46E9-B34C-768B92629B43}.Release|x86.ActiveCfg = Release|Any CPU
		{0CCB1477-D9DD-46E9-B34C-768B92629B43}.Release|x86.Build.0 = Release|Any CPU
		{8789900A-F207-482E-BFC1-909BCB4F04A7}.Debug|Any CPU.ActiveCfg = Debug|Any CPU
		{8789900A-F207-482E-BFC1-909BCB4F04A7}.Debug|Any CPU.Build.0 = Debug|Any CPU
		{8789900A-F207-482E-BFC1-909BCB4F04A7}.Debug|x64.ActiveCfg = Debug|Any CPU
		{8789900A-F207-482E-BFC1-909BCB4F04A7}.Debug|x64.Build.0 = Debug|Any CPU
		{8789900A-F207-482E-BFC1-909BCB4F04A7}.Debug|x86.ActiveCfg = Debug|Any CPU
		{8789900A-F207-482E-BFC1-909BCB4F04A7}.Debug|x86.Build.0 = Debug|Any CPU
		{8789900A-F207-482E-BFC1-909BCB4F04A7}.Release|Any CPU.ActiveCfg = Release|Any CPU
		{8789900A-F207-482E-BFC1-909BCB4F04A7}.Release|Any CPU.Build.0 = Release|Any CPU
		{8789900A-F207-482E-BFC1-909BCB4F04A7}.Release|x64.ActiveCfg = Release|Any CPU
		{8789900A-F207-482E-BFC1-909BCB4F04A7}.Release|x64.Build.0 = Release|Any CPU
		{8789900A-F207-482E-BFC1-909BCB4F04A7}.Release|x86.ActiveCfg = Release|Any CPU
		{8789900A-F207-482E-BFC1-909BCB4F04A7}.Release|x86.Build.0 = Release|Any CPU
		{F7003AB0-3C79-4A57-877A-97CE0252CAE0}.Debug|Any CPU.ActiveCfg = Debug|Any CPU
		{F7003AB0-3C79-4A57-877A-97CE0252CAE0}.Debug|Any CPU.Build.0 = Debug|Any CPU
		{F7003AB0-3C79-4A57-877A-97CE0252CAE0}.Debug|x64.ActiveCfg = Debug|Any CPU
		{F7003AB0-3C79-4A57-877A-97CE0252CAE0}.Debug|x64.Build.0 = Debug|Any CPU
		{F7003AB0-3C79-4A57-877A-97CE0252CAE0}.Debug|x86.ActiveCfg = Debug|Any CPU
		{F7003AB0-3C79-4A57-877A-97CE0252CAE0}.Debug|x86.Build.0 = Debug|Any CPU
		{F7003AB0-3C79-4A57-877A-97CE0252CAE0}.Release|Any CPU.ActiveCfg = Release|Any CPU
		{F7003AB0-3C79-4A57-877A-97CE0252CAE0}.Release|Any CPU.Build.0 = Release|Any CPU
		{F7003AB0-3C79-4A57-877A-97CE0252CAE0}.Release|x64.ActiveCfg = Release|Any CPU
		{F7003AB0-3C79-4A57-877A-97CE0252CAE0}.Release|x64.Build.0 = Release|Any CPU
		{F7003AB0-3C79-4A57-877A-97CE0252CAE0}.Release|x86.ActiveCfg = Release|Any CPU
		{F7003AB0-3C79-4A57-877A-97CE0252CAE0}.Release|x86.Build.0 = Release|Any CPU
	EndGlobalSection
EndGlobal
